{
  "name": "train-display",
  "version": "1.0.0",
  "lockfileVersion": 3,
  "requires": true,
  "packages": {
    "": {
      "name": "train-display",
      "version": "1.0.0",
      "license": "ISC",
      "dependencies": {
        "dotenv": "^17.2.3",
        "rpi-led-matrix": "^1.15.0"
      },
      "devDependencies": {
        "@types/node": "^24.9.1",
        "typescript": "^5.9.3"
      }
    },
    "node_modules/@types/node": {
      "version": "24.9.1",
      "resolved": "https://registry.npmjs.org/@types/node/-/node-24.9.1.tgz",
      "integrity": "sha512-QoiaXANRkSXK6p0Duvt56W208du4P9Uye9hWLWgGMDTEoKPhuenzNcC4vGUmrNkiOKTlIrBoyNQYNpSwfEZXSg==",
      "dev": true,
      "license": "MIT",
      "dependencies": {
        "undici-types": "~7.16.0"
      }
    },
    "node_modules/dotenv": {
      "version": "17.2.3",
      "resolved": "https://registry.npmjs.org/dotenv/-/dotenv-17.2.3.tgz",
      "integrity": "sha512-JVUnt+DUIzu87TABbhPmNfVdBDt18BLOWjMUFJMSi/Qqg7NTYtabbvSNJGOJ7afbRuv9D/lngizHtP7QyLQ+9w==",
      "license": "BSD-2-Clause",
      "engines": {
        "node": ">=12"
      },
      "funding": {
        "url": "https://dotenvx.com"
      }
    },
    "node_modules/node-addon-api": {
      "version": "8.5.0",
      "resolved": "https://registry.npmjs.org/node-addon-api/-/node-addon-api-8.5.0.tgz",
      "integrity": "sha512-/bRZty2mXUIFY/xU5HLvveNHlswNJej+RnxBjOMkidWfwZzgTbPG1E3K5TOxRLOR+5hX7bSofy8yf1hZevMS8A==",
      "license": "MIT",
      "engines": {
        "node": "^18 || ^20 || >= 21"
      }
    },
    "node_modules/rpi-led-matrix": {
      "version": "1.15.0",
      "resolved": "https://registry.npmjs.org/rpi-led-matrix/-/rpi-led-matrix-1.15.0.tgz",
      "integrity": "sha512-2a5su7K7wefzBL/ggSAn8dCiqNPC4AEfWdYJUErRwRaOoljx1Kl3WPm07Um75Yy8Ywt/2rFG1UeFjSRowJ1rSw==",
      "hasInstallScript": true,
      "license": "MITNFA",
      "dependencies": {
        "node-addon-api": "^8.3.0"
      },
      "engines": {
        "node": ">=18.0.0"
      }
    },
    "node_modules/typescript": {
      "version": "5.9.3",
      "resolved": "https://registry.npmjs.org/typescript/-/typescript-5.9.3.tgz",
      "integrity": "sha512-jl1vZzPDinLr9eUt3J/t7V6FgNEw9QjvBPdysz9KfQDD41fQrC2Y4vKQdiaUpFT4bXlb1RHhLpp8wtm6M5TgSw==",
      "dev": true,
      "license": "Apache-2.0",
      "bin": {
        "tsc": "bin/tsc",
        "tsserver": "bin/tsserver"
      },
      "engines": {
        "node": ">=14.17"
      }
    },
    "node_modules/undici-types": {
      "version": "7.16.0",
      "resolved": "https://registry.npmjs.org/undici-types/-/undici-types-7.16.0.tgz",
      "integrity": "sha512-Zz+aZWSj8LE6zoxD+xrjh4VfkIG8Ya6LvYkZqtUQGJPZjYl53ypCaUwWqo7eI0x66KBGeRo+mlBEkMSeSZ38Nw==",
      "dev": true,
      "license": "MIT"
    }
  }
}
